// !$*UTF8*$!
{
	archiveVersion = 1;
	classes = {
	};
	objectVersion = 46;
	objects = {

/* Begin PBXBuildFile section */
		34E68B7C193E2FE00054EC18 /* Foundation.framework in Frameworks */ = {isa = PBXBuildFile; fileRef = 34E68B7B193E2FE00054EC18 /* Foundation.framework */; };
		34E68B7E193E2FE00054EC18 /* CoreGraphics.framework in Frameworks */ = {isa = PBXBuildFile; fileRef = 34E68B7D193E2FE00054EC18 /* CoreGraphics.framework */; };
		34E68B80193E2FE00054EC18 /* UIKit.framework in Frameworks */ = {isa = PBXBuildFile; fileRef = 34E68B7F193E2FE00054EC18 /* UIKit.framework */; };
		34E68B86193E2FE00054EC18 /* InfoPlist.strings in Resources */ = {isa = PBXBuildFile; fileRef = 34E68B84193E2FE00054EC18 /* InfoPlist.strings */; };
		34E68B88193E2FE00054EC18 /* main.m in Sources */ = {isa = PBXBuildFile; fileRef = 34E68B87193E2FE00054EC18 /* main.m */; };
		34E68B8C193E2FE00054EC18 /* AppDelegate.m in Sources */ = {isa = PBXBuildFile; fileRef = 34E68B8B193E2FE00054EC18 /* AppDelegate.m */; };
		34E68B8E193E2FE00054EC18 /* Images.xcassets in Resources */ = {isa = PBXBuildFile; fileRef = 34E68B8D193E2FE00054EC18 /* Images.xcassets */; };
		34E68B95193E2FE00054EC18 /* XCTest.framework in Frameworks */ = {isa = PBXBuildFile; fileRef = 34E68B94193E2FE00054EC18 /* XCTest.framework */; };
		34E68B96193E2FE00054EC18 /* Foundation.framework in Frameworks */ = {isa = PBXBuildFile; fileRef = 34E68B7B193E2FE00054EC18 /* Foundation.framework */; };
		34E68B97193E2FE00054EC18 /* UIKit.framework in Frameworks */ = {isa = PBXBuildFile; fileRef = 34E68B7F193E2FE00054EC18 /* UIKit.framework */; };
		34E68B9F193E2FE00054EC18 /* InfoPlist.strings in Resources */ = {isa = PBXBuildFile; fileRef = 34E68B9D193E2FE00054EC18 /* InfoPlist.strings */; };
		34E68BA1193E2FE00054EC18 /* tipcalculatorTests.m in Sources */ = {isa = PBXBuildFile; fileRef = 34E68BA0193E2FE00054EC18 /* tipcalculatorTests.m */; };
/* End PBXBuildFile section */

/* Begin PBXContainerItemProxy section */
		34E68B98193E2FE00054EC18 /* PBXContainerItemProxy */ = {
			isa = PBXContainerItemProxy;
			containerPortal = 34E68B70193E2FE00054EC18 /* Project object */;
			proxyType = 1;
			remoteGlobalIDString = 34E68B77193E2FE00054EC18;
			remoteInfo = tipcalculator;
		};
/* End PBXContainerItemProxy section */

/* Begin PBXFileReference section */
		34E68B78193E2FE00054EC18 /* tipcalculator.app */ = {isa = PBXFileReference; explicitFileType = wrapper.application; includeInIndex = 0; path = tipcalculator.app; sourceTree = BUILT_PRODUCTS_DIR; };
		34E68B7B193E2FE00054EC18 /* Foundation.framework */ = {isa = PBXFileReference; lastKnownFileType = wrapper.framework; name = Foundation.framework; path = System/Library/Frameworks/Foundation.framework; sourceTree = SDKROOT; };
		34E68B7D193E2FE00054EC18 /* CoreGraphics.framework */ = {isa = PBXFileReference; lastKnownFileType = wrapper.framework; name = CoreGraphics.framework; path = System/Library/Frameworks/CoreGraphics.framework; sourceTree = SDKROOT; };
		34E68B7F193E2FE00054EC18 /* UIKit.framework */ = {isa = PBXFileReference; lastKnownFileType = wrapper.framework; name = UIKit.framework; path = System/Library/Frameworks/UIKit.framework; sourceTree = SDKROOT; };
		34E68B83193E2FE00054EC18 /* tipcalculator-Info.plist */ = {isa = PBXFileReference; lastKnownFileType = text.plist.xml; path = "tipcalculator-Info.plist"; sourceTree = "<group>"; };
		34E68B85193E2FE00054EC18 /* en */ = {isa = PBXFileReference; lastKnownFileType = text.plist.strings; name = en; path = en.lproj/InfoPlist.strings; sourceTree = "<group>"; };
		34E68B87193E2FE00054EC18 /* main.m */ = {isa = PBXFileReference; lastKnownFileType = sourcecode.c.objc; path = main.m; sourceTree = "<group>"; };
		34E68B89193E2FE00054EC18 /* tipcalculator-Prefix.pch */ = {isa = PBXFileReference; lastKnownFileType = sourcecode.c.h; path = "tipcalculator-Prefix.pch"; sourceTree = "<group>"; };
		34E68B8A193E2FE00054EC18 /* AppDelegate.h */ = {isa = PBXFileReference; lastKnownFileType = sourcecode.c.h; path = AppDelegate.h; sourceTree = "<group>"; };
		34E68B8B193E2FE00054EC18 /* AppDelegate.m */ = {isa = PBXFileReference; lastKnownFileType = sourcecode.c.objc; path = AppDelegate.m; sourceTree = "<group>"; };
		34E68B8D193E2FE00054EC18 /* Images.xcassets */ = {isa = PBXFileReference; lastKnownFileType = folder.assetcatalog; path = Images.xcassets; sourceTree = "<group>"; };
		34E68B93193E2FE00054EC18 /* tipcalculatorTests.xctest */ = {isa = PBXFileReference; explicitFileType = wrapper.cfbundle; includeInIndex = 0; path = tipcalculatorTests.xctest; sourceTree = BUILT_PRODUCTS_DIR; };
		34E68B94193E2FE00054EC18 /* XCTest.framework */ = {isa = PBXFileReference; lastKnownFileType = wrapper.framework; name = XCTest.framework; path = Library/Frameworks/XCTest.framework; sourceTree = DEVELOPER_DIR; };
		34E68B9C193E2FE00054EC18 /* tipcalculatorTests-Info.plist */ = {isa = PBXFileReference; lastKnownFileType = text.plist.xml; path = "tipcalculatorTests-Info.plist"; sourceTree = "<group>"; };
		34E68B9E193E2FE00054EC18 /* en */ = {isa = PBXFileReference; lastKnownFileType = text.plist.strings; name = en; path = en.lproj/InfoPlist.strings; sourceTree = "<group>"; };
		34E68BA0193E2FE00054EC18 /* tipcalculatorTests.m */ = {isa = PBXFileReference; lastKnownFileType = sourcecode.c.objc; path = tipcalculatorTests.m; sourceTree = "<group>"; };
/* End PBXFileReference section */

/* Begin PBXFrameworksBuildPhase section */
		34E68B75193E2FE00054EC18 /* Frameworks */ = {
			isa = PBXFrameworksBuildPhase;
			buildActionMask = 2147483647;
			files = (
				34E68B7E193E2FE00054EC18 /* CoreGraphics.framework in Frameworks */,
				34E68B80193E2FE00054EC18 /* UIKit.framework in Frameworks */,
				34E68B7C193E2FE00054EC18 /* Foundation.framework in Frameworks */,
			);
			runOnlyForDeploymentPostprocessing = 0;
		};
		34E68B90193E2FE00054EC18 /* Frameworks */ = {
			isa = PBXFrameworksBuildPhase;
			buildActionMask = 2147483647;
			files = (
				34E68B95193E2FE00054EC18 /* XCTest.framework in Frameworks */,
				34E68B97193E2FE00054EC18 /* UIKit.framework in Frameworks */,
				34E68B96193E2FE00054EC18 /* Foundation.framework in Frameworks */,
			);
			runOnlyForDeploymentPostprocessing = 0;
		};
/* End PBXFrameworksBuildPhase section */

/* Begin PBXGroup section */
		34E68B6F193E2FE00054EC18 = {
			isa = PBXGroup;
			children = (
				34E68B81193E2FE00054EC18 /* tipcalculator */,
				34E68B9A193E2FE00054EC18 /* tipcalculatorTests */,
				34E68B7A193E2FE00054EC18 /* Frameworks */,
				34E68B79193E2FE00054EC18 /* Products */,
			);
			sourceTree = "<group>";
		};
		34E68B79193E2FE00054EC18 /* Products */ = {
			isa = PBXGroup;
			children = (
				34E68B78193E2FE00054EC18 /* tipcalculator.app */,
				34E68B93193E2FE00054EC18 /* tipcalculatorTests.xctest */,
			);
			name = Products;
			sourceTree = "<group>";
		};
		34E68B7A193E2FE00054EC18 /* Frameworks */ = {
			isa = PBXGroup;
			children = (
				34E68B7B193E2FE00054EC18 /* Foundation.framework */,
				34E68B7D193E2FE00054EC18 /* CoreGraphics.framework */,
				34E68B7F193E2FE00054EC18 /* UIKit.framework */,
				34E68B94193E2FE00054EC18 /* XCTest.framework */,
			);
			name = Frameworks;
			sourceTree = "<group>";
		};
		34E68B81193E2FE00054EC18 /* tipcalculator */ = {
			isa = PBXGroup;
			children = (
				34E68B8A193E2FE00054EC18 /* AppDelegate.h */,
				34E68B8B193E2FE00054EC18 /* AppDelegate.m */,
				34E68B8D193E2FE00054EC18 /* Images.xcassets */,
				34E68B82193E2FE00054EC18 /* Supporting Files */,
			);
			path = tipcalculator;
			sourceTree = "<group>";
		};
		34E68B82193E2FE00054EC18 /* Supporting Files */ = {
			isa = PBXGroup;
			children = (
				34E68B83193E2FE00054EC18 /* tipcalculator-Info.plist */,
				34E68B84193E2FE00054EC18 /* InfoPlist.strings */,
				34E68B87193E2FE00054EC18 /* main.m */,
				34E68B89193E2FE00054EC18 /* tipcalculator-Prefix.pch */,
			);
			name = "Supporting Files";
			sourceTree = "<group>";
		};
		34E68B9A193E2FE00054EC18 /* tipcalculatorTests */ = {
			isa = PBXGroup;
			children = (
				34E68BA0193E2FE00054EC18 /* tipcalculatorTests.m */,
				34E68B9B193E2FE00054EC18 /* Supporting Files */,
			);
			path = tipcalculatorTests;
			sourceTree = "<group>";
		};
		34E68B9B193E2FE00054EC18 /* Supporting Files */ = {
			isa = PBXGroup;
			children = (
				34E68B9C193E2FE00054EC18 /* tipcalculatorTests-Info.plist */,
				34E68B9D193E2FE00054EC18 /* InfoPlist.strings */,
			);
			name = "Supporting Files";
			sourceTree = "<group>";
		};
/* End PBXGroup section */

/* Begin PBXNativeTarget section */
		34E68B77193E2FE00054EC18 /* tipcalculator */ = {
			isa = PBXNativeTarget;
			buildConfigurationList = 34E68BA4193E2FE00054EC18 /* Build configuration list for PBXNativeTarget "tipcalculator" */;
			buildPhases = (
				34E68B74193E2FE00054EC18 /* Sources */,
				34E68B75193E2FE00054EC18 /* Frameworks */,
				34E68B76193E2FE00054EC18 /* Resources */,
			);
			buildRules = (
			);
			dependencies = (
			);
			name = tipcalculator;
			productName = tipcalculator;
			productReference = 34E68B78193E2FE00054EC18 /* tipcalculator.app */;
			productType = "com.apple.product-type.application";
		};
		34E68B92193E2FE00054EC18 /* tipcalculatorTests */ = {
			isa = PBXNativeTarget;
			buildConfigurationList = 34E68BA7193E2FE00054EC18 /* Build configuration list for PBXNativeTarget "tipcalculatorTests" */;
			buildPhases = (
				34E68B8F193E2FE00054EC18 /* Sources */,
				34E68B90193E2FE00054EC18 /* Frameworks */,
				34E68B91193E2FE00054EC18 /* Resources */,
			);
			buildRules = (
			);
			dependencies = (
				34E68B99193E2FE00054EC18 /* PBXTargetDependency */,
			);
			name = tipcalculatorTests;
			productName = tipcalculatorTests;
			productReference = 34E68B93193E2FE00054EC18 /* tipcalculatorTests.xctest */;
			productType = "com.apple.product-type.bundle.unit-test";
		};
/* End PBXNativeTarget section */

/* Begin PBXProject section */
		34E68B70193E2FE00054EC18 /* Project object */ = {
			isa = PBXProject;
			attributes = {
				LastUpgradeCheck = 0510;
				ORGANIZATIONNAME = Yahoo;
				TargetAttributes = {
					34E68B92193E2FE00054EC18 = {
						TestTargetID = 34E68B77193E2FE00054EC18;
					};
				};
			};
			buildConfigurationList = 34E68B73193E2FE00054EC18 /* Build configuration list for PBXProject "tipcalculator" */;
			compatibilityVersion = "Xcode 3.2";
			developmentRegion = English;
			hasScannedForEncodings = 0;
			knownRegions = (
				en,
			);
			mainGroup = 34E68B6F193E2FE00054EC18;
			productRefGroup = 34E68B79193E2FE00054EC18 /* Products */;
			projectDirPath = "";
			projectRoot = "";
			targets = (
				34E68B77193E2FE00054EC18 /* tipcalculator */,
				34E68B92193E2FE00054EC18 /* tipcalculatorTests */,
			);
		};
/* End PBXProject section */

/* Begin PBXResourcesBuildPhase section */
		34E68B76193E2FE00054EC18 /* Resources */ = {
			isa = PBXResourcesBuildPhase;
			buildActionMask = 2147483647;
			files = (
				34E68B86193E2FE00054EC18 /* InfoPlist.strings in Resources */,
				34E68B8E193E2FE00054EC18 /* Images.xcassets in Resources */,
			);
			runOnlyForDeploymentPostprocessing = 0;
		};
		34E68B91193E2FE00054EC18 /* Resources */ = {
			isa = PBXResourcesBuildPhase;
			buildActionMask = 2147483647;
			files = (
				34E68B9F193E2FE00054EC18 /* InfoPlist.strings in Resources */,
			);
			runOnlyForDeploymentPostprocessing = 0;
		};
/* End PBXResourcesBuildPhase section */

/* Begin PBXSourcesBuildPhase section */
		34E68B74193E2FE00054EC18 /* Sources */ = {
			isa = PBXSourcesBuildPhase;
			buildActionMask = 2147483647;
			files = (
				34E68B8C193E2FE00054EC18 /* AppDelegate.m in Sources */,
				34E68B88193E2FE00054EC18 /* main.m in Sources */,
			);
			runOnlyForDeploymentPostprocessing = 0;
		};
		34E68B8F193E2FE00054EC18 /* Sources */ = {
			isa = PBXSourcesBuildPhase;
			buildActionMask = 2147483647;
			files = (
				34E68BA1193E2FE00054EC18 /* tipcalculatorTests.m in Sources */,
			);
			runOnlyForDeploymentPostprocessing = 0;
		};
/* End PBXSourcesBuildPhase section */

/* Begin PBXTargetDependency section */
		34E68B99193E2FE00054EC18 /* PBXTargetDependency */ = {
			isa = PBXTargetDependency;
			target = 34E68B77193E2FE00054EC18 /* tipcalculator */;
			targetProxy = 34E68B98193E2FE00054EC18 /* PBXContainerItemProxy */;
		};
/* End PBXTargetDependency section */

/* Begin PBXVariantGroup section */
		34E68B84193E2FE00054EC18 /* InfoPlist.strings */ = {
			isa = PBXVariantGroup;
			children = (
				34E68B85193E2FE00054EC18 /* en */,
			);
			name = InfoPlist.strings;
			sourceTree = "<group>";
		};
		34E68B9D193E2FE00054EC18 /* InfoPlist.strings */ = {
			isa = PBXVariantGroup;
			children = (
				34E68B9E193E2FE00054EC18 /* en */,
			);
			name = InfoPlist.strings;
			sourceTree = "<group>";
		};
/* End PBXVariantGroup section */

/* Begin XCBuildConfiguration section */
		34E68BA2193E2FE00054EC18 /* Debug */ = {
			isa = XCBuildConfiguration;
			buildSettings = {
				ALWAYS_SEARCH_USER_PATHS = NO;
				CLANG_CXX_LANGUAGE_STANDARD = "gnu++0x";
				CLANG_CXX_LIBRARY = "libc++";
				CLANG_ENABLE_MODULES = YES;
				CLANG_ENABLE_OBJC_ARC = YES;
				CLANG_WARN_BOOL_CONVERSION = YES;
				CLANG_WARN_CONSTANT_CONVERSION = YES;
				CLANG_WARN_DIRECT_OBJC_ISA_USAGE = YES_ERROR;
				CLANG_WARN_EMPTY_BODY = YES;
				CLANG_WARN_ENUM_CONVERSION = YES;
				CLANG_WARN_INT_CONVERSION = YES;
				CLANG_WARN_OBJC_ROOT_CLASS = YES_ERROR;
				CLANG_WARN__DUPLICATE_METHOD_MATCH = YES;
				"CODE_SIGN_IDENTITY[sdk=iphoneos*]" = "iPhone Developer";
				COPY_PHASE_STRIP = NO;
				GCC_C_LANGUAGE_STANDARD = gnu99;
				GCC_DYNAMIC_NO_PIC = NO;
				GCC_OPTIMIZATION_LEVEL = 0;
				GCC_PREPROCESSOR_DEFINITIONS = (
					"DEBUG=1",
					"$(inherited)",
				);
				GCC_SYMBOLS_PRIVATE_EXTERN = NO;
				GCC_WARN_64_TO_32_BIT_CONVERSION = YES;
				GCC_WARN_ABOUT_RETURN_TYPE = YES_ERROR;
				GCC_WARN_UNDECLARED_SELECTOR = YES;
				GCC_WARN_UNINITIALIZED_AUTOS = YES_AGGRESSIVE;
				GCC_WARN_UNUSED_FUNCTION = YES;
				GCC_WARN_UNUSED_VARIABLE = YES;
				IPHONEOS_DEPLOYMENT_TARGET = 7.1;
				ONLY_ACTIVE_ARCH = YES;
				SDKROOT = iphoneos;
			};
			name = Debug;
		};
		34E68BA3193E2FE00054EC18 /* Release */ = {
			isa = XCBuildConfiguration;
			buildSettings = {
				ALWAYS_SEARCH_USER_PATHS = NO;
				CLANG_CXX_LANGUAGE_STANDARD = "gnu++0x";
				CLANG_CXX_LIBRARY = "libc++";
				CLANG_ENABLE_MODULES = YES;
				CLANG_ENABLE_OBJC_ARC = YES;
				CLANG_WARN_BOOL_CONVERSION = YES;
				CLANG_WARN_CONSTANT_CONVERSION = YES;
				CLANG_WARN_DIRECT_OBJC_ISA_USAGE = YES_ERROR;
				CLANG_WARN_EMPTY_BODY = YES;
				CLANG_WARN_ENUM_CONVERSION = YES;
				CLANG_WARN_INT_CONVERSION = YES;
				CLANG_WARN_OBJC_ROOT_CLASS = YES_ERROR;
				CLANG_WARN__DUPLICATE_METHOD_MATCH = YES;
				"CODE_SIGN_IDENTITY[sdk=iphoneos*]" = "iPhone Developer";
				COPY_PHASE_STRIP = YES;
				ENABLE_NS_ASSERTIONS = NO;
				GCC_C_LANGUAGE_STANDARD = gnu99;
				GCC_WARN_64_TO_32_BIT_CONVERSION = YES;
				GCC_WARN_ABOUT_RETURN_TYPE = YES_ERROR;
				GCC_WARN_UNDECLARED_SELECTOR = YES;
				GCC_WARN_UNINITIALIZED_AUTOS = YES_AGGRESSIVE;
				GCC_WARN_UNUSED_FUNCTION = YES;
				GCC_WARN_UNUSED_VARIABLE = YES;
				IPHONEOS_DEPLOYMENT_TARGET = 7.1;
				SDKROOT = iphoneos;
				VALIDATE_PRODUCT = YES;
			};
			name = Release;
		};
		34E68BA5193E2FE00054EC18 /* Debug */ = {
			isa = XCBuildConfiguration;
			buildSettings = {
				ASSETCATALOG_COMPILER_APPICON_NAME = AppIcon;
				ASSETCATALOG_COMPILER_LAUNCHIMAGE_NAME = LaunchImage;
				GCC_PRECOMPILE_PREFIX_HEADER = YES;
				GCC_PREFIX_HEADER = "tipcalculator/tipcalculator-Prefix.pch";
				INFOPLIST_FILE = "tipcalculator/tipcalculator-Info.plist";
				PRODUCT_NAME = "$(TARGET_NAME)";
				WRAPPER_EXTENSION = app;
			};
			name = Debug;
		};
		34E68BA6193E2FE00054EC18 /* Release */ = {
			isa = XCBuildConfiguration;
			buildSettings = {
				ASSETCATALOG_COMPILER_APPICON_NAME = AppIcon;
				ASSETCATALOG_COMPILER_LAUNCHIMAGE_NAME = LaunchImage;
				GCC_PRECOMPILE_PREFIX_HEADER = YES;
				GCC_PREFIX_HEADER = "tipcalculator/tipcalculator-Prefix.pch";
				INFOPLIST_FILE = "tipcalculator/tipcalculator-Info.plist";
				PRODUCT_NAME = "$(TARGET_NAME)";
				WRAPPER_EXTENSION = app;
			};
			name = Release;
		};
		34E68BA8193E2FE00054EC18 /* Debug */ = {
			isa = XCBuildConfiguration;
			buildSettings = {
				BUNDLE_LOADER = "$(BUILT_PRODUCTS_DIR)/tipcalculator.app/tipcalculator";
				FRAMEWORK_SEARCH_PATHS = (
					"$(SDKROOT)/Developer/Library/Frameworks",
					"$(inherited)",
					"$(DEVELOPER_FRAMEWORKS_DIR)",
				);
				GCC_PRECOMPILE_PREFIX_HEADER = YES;
				GCC_PREFIX_HEADER = "tipcalculator/tipcalculator-Prefix.pch";
				GCC_PREPROCESSOR_DEFINITIONS = (
					"DEBUG=1",
					"$(inherited)",
				);
				INFOPLIST_FILE = "tipcalculatorTests/tipcalculatorTests-Info.plist";
				PRODUCT_NAME = "$(TARGET_NAME)";
				TEST_HOST = "$(BUNDLE_LOADER)";
				WRAPPER_EXTENSION = xctest;
			};
			name = Debug;
		};
		34E68BA9193E2FE00054EC18 /* Release */ = {
			isa = XCBuildConfiguration;
			buildSettings = {
				BUNDLE_LOADER = "$(BUILT_PRODUCTS_DIR)/tipcalculator.app/tipcalculator";
				FRAMEWORK_SEARCH_PATHS = (
					"$(SDKROOT)/Developer/Library/Frameworks",
					"$(inherited)",
					"$(DEVELOPER_FRAMEWORKS_DIR)",
				);
				GCC_PRECOMPILE_PREFIX_HEADER = YES;
				GCC_PREFIX_HEADER = "tipcalculator/tipcalculator-Prefix.pch";
				INFOPLIST_FILE = "tipcalculatorTests/tipcalculatorTests-Info.plist";
				PRODUCT_NAME = "$(TARGET_NAME)";
				TEST_HOST = "$(BUNDLE_LOADER)";
				WRAPPER_EXTENSION = xctest;
			};
			name = Release;
		};
/* End XCBuildConfiguration section */

/* Begin XCConfigurationList section */
		34E68B73193E2FE00054EC18 /* Build configuration list for PBXProject "tipcalculator" */ = {
			isa = XCConfigurationList;
			buildConfigurations = (
				34E68BA2193E2FE00054EC18 /* Debug */,
				34E68BA3193E2FE00054EC18 /* Release */,
			);
			defaultConfigurationIsVisible = 0;
			defaultConfigurationName = Release;
		};
		34E68BA4193E2FE00054EC18 /* Build configuration list for PBXNativeTarget "tipcalculator" */ = {
			isa = XCConfigurationList;
			buildConfigurations = (
				34E68BA5193E2FE00054EC18 /* Debug */,
				34E68BA6193E2FE00054EC18 /* Release */,
			);
			defaultConfigurationIsVisible = 0;
		};
		34E68BA7193E2FE00054EC18 /* Build configuration list for PBXNativeTarget "tipcalculatorTests" */ = {
			isa = XCConfigurationList;
			buildConfigurations = (
				34E68BA8193E2FE00054EC18 /* Debug */,
				34E68BA9193E2FE00054EC18 /* Release */,
			);
			defaultConfigurationIsVisible = 0;
		};
/* End XCConfigurationList section */
	};
	rootObject = 34E68B70193E2FE00054EC18 /* Project object */;
}
